
Microsoft Visual Studio Solution File, Format Version 12.00
# Visual Studio Version 17
VisualStudioVersion = 17.1.32319.34
MinimumVisualStudioVersion = 10.0.40219.1
Project("{2150E333-8FDC-42A3-9474-1A3956D46DE8}") = "src", "src", "{3863DDB5-9CA6-4828-A176-9570FA6F92D1}"
EndProject
Project("{9A19103F-16F7-4668-BE54-9A1E7A4F7556}") = "Formation.Api", "src\Formation.Api\Formation.Api.csproj", "{BF362E28-8288-43DC-A362-AF2E2B2422FC}"
EndProject
Project("{2150E333-8FDC-42A3-9474-1A3956D46DE8}") = "Tests", "Tests", "{8F5510A9-6E49-40AC-BE51-81ACB1DFF73C}"
EndProject
Project("{9A19103F-16F7-4668-BE54-9A1E7A4F7556}") = "Formation.Domain", "Formation.Domain\Formation.Domain.csproj", "{8FDD6698-1567-447F-9B32-6258BF42AFFC}"
EndProject
Project("{9A19103F-16F7-4668-BE54-9A1E7A4F7556}") = "Formation.Application", "Formation.Application\Formation.Application.csproj", "{80FF6985-93EA-44DB-B217-FC2C2B0773F2}"
EndProject
Project("{9A19103F-16F7-4668-BE54-9A1E7A4F7556}") = "Formation.Infrastructure", "Formation.Infrastructure\Formation.Infrastructure.csproj", "{727E1A81-8A33-4C5E-A495-DCA883879199}"
EndProject
Project("{9A19103F-16F7-4668-BE54-9A1E7A4F7556}") = "Application.Validation.Tests", "Application.Validation.Tests\Application.Validation.Tests.csproj", "{9E745891-AC85-498B-99A1-FBD34C5ED4D8}"
EndProject
Project("{2150E333-8FDC-42A3-9474-1A3956D46DE8}") = "Solution Items", "Solution Items", "{6D1A6BA2-FE99-46AF-B190-95A7D970C93E}"
	ProjectSection(SolutionItems) = preProject
		.editorconfig = .editorconfig
	EndProjectSection
EndProject
Project("{9A19103F-16F7-4668-BE54-9A1E7A4F7556}") = "Formation", "src\Formation\Formation.csproj", "{8E9A52A2-7CF4-4123-88C7-78AAC9C55B34}"
EndProject
Project("{FAE04EC0-301F-11D3-BF4B-00C04F79EFBC}") = "Formation.Blazor", "src\Formation.Blazor\Formation.Blazor.csproj", "{0F3F68EA-55AF-46DB-B2AA-A5E7BA73F290}"
EndProject
Global
	GlobalSection(SolutionConfigurationPlatforms) = preSolution
		Debug|Any CPU = Debug|Any CPU
		Release|Any CPU = Release|Any CPU
	EndGlobalSection
	GlobalSection(ProjectConfigurationPlatforms) = postSolution
		{BF362E28-8288-43DC-A362-AF2E2B2422FC}.Debug|Any CPU.ActiveCfg = Debug|Any CPU
		{BF362E28-8288-43DC-A362-AF2E2B2422FC}.Debug|Any CPU.Build.0 = Debug|Any CPU
		{BF362E28-8288-43DC-A362-AF2E2B2422FC}.Release|Any CPU.ActiveCfg = Release|Any CPU
		{BF362E28-8288-43DC-A362-AF2E2B2422FC}.Release|Any CPU.Build.0 = Release|Any CPU
		{8FDD6698-1567-447F-9B32-6258BF42AFFC}.Debug|Any CPU.ActiveCfg = Debug|Any CPU
		{8FDD6698-1567-447F-9B32-6258BF42AFFC}.Debug|Any CPU.Build.0 = Debug|Any CPU
		{8FDD6698-1567-447F-9B32-6258BF42AFFC}.Release|Any CPU.ActiveCfg = Release|Any CPU
		{8FDD6698-1567-447F-9B32-6258BF42AFFC}.Release|Any CPU.Build.0 = Release|Any CPU
		{80FF6985-93EA-44DB-B217-FC2C2B0773F2}.Debug|Any CPU.ActiveCfg = Debug|Any CPU
		{80FF6985-93EA-44DB-B217-FC2C2B0773F2}.Debug|Any CPU.Build.0 = Debug|Any CPU
		{80FF6985-93EA-44DB-B217-FC2C2B0773F2}.Release|Any CPU.ActiveCfg = Release|Any CPU
		{80FF6985-93EA-44DB-B217-FC2C2B0773F2}.Release|Any CPU.Build.0 = Release|Any CPU
		{727E1A81-8A33-4C5E-A495-DCA883879199}.Debug|Any CPU.ActiveCfg = Debug|Any CPU
		{727E1A81-8A33-4C5E-A495-DCA883879199}.Debug|Any CPU.Build.0 = Debug|Any CPU
		{727E1A81-8A33-4C5E-A495-DCA883879199}.Release|Any CPU.ActiveCfg = Release|Any CPU
		{727E1A81-8A33-4C5E-A495-DCA883879199}.Release|Any CPU.Build.0 = Release|Any CPU
		{9E745891-AC85-498B-99A1-FBD34C5ED4D8}.Debug|Any CPU.ActiveCfg = Debug|Any CPU
		{9E745891-AC85-498B-99A1-FBD34C5ED4D8}.Debug|Any CPU.Build.0 = Debug|Any CPU
		{9E745891-AC85-498B-99A1-FBD34C5ED4D8}.Release|Any CPU.ActiveCfg = Release|Any CPU
		{9E745891-AC85-498B-99A1-FBD34C5ED4D8}.Release|Any CPU.Build.0 = Release|Any CPU
		{8E9A52A2-7CF4-4123-88C7-78AAC9C55B34}.Debug|Any CPU.ActiveCfg = Debug|Any CPU
		{8E9A52A2-7CF4-4123-88C7-78AAC9C55B34}.Debug|Any CPU.Build.0 = Debug|Any CPU
		{8E9A52A2-7CF4-4123-88C7-78AAC9C55B34}.Release|Any CPU.ActiveCfg = Release|Any CPU
		{8E9A52A2-7CF4-4123-88C7-78AAC9C55B34}.Release|Any CPU.Build.0 = Release|Any CPU
		{0F3F68EA-55AF-46DB-B2AA-A5E7BA73F290}.Debug|Any CPU.ActiveCfg = Debug|Any CPU
		{0F3F68EA-55AF-46DB-B2AA-A5E7BA73F290}.Debug|Any CPU.Build.0 = Debug|Any CPU
		{0F3F68EA-55AF-46DB-B2AA-A5E7BA73F290}.Release|Any CPU.ActiveCfg = Release|Any CPU
		{0F3F68EA-55AF-46DB-B2AA-A5E7BA73F290}.Release|Any CPU.Build.0 = Release|Any CPU
	EndGlobalSection
	GlobalSection(SolutionProperties) = preSolution
		HideSolutionNode = FALSE
	EndGlobalSection
	GlobalSection(NestedProjects) = preSolution
		{BF362E28-8288-43DC-A362-AF2E2B2422FC} = {3863DDB5-9CA6-4828-A176-9570FA6F92D1}
		{8FDD6698-1567-447F-9B32-6258BF42AFFC} = {3863DDB5-9CA6-4828-A176-9570FA6F92D1}
		{80FF6985-93EA-44DB-B217-FC2C2B0773F2} = {3863DDB5-9CA6-4828-A176-9570FA6F92D1}
		{727E1A81-8A33-4C5E-A495-DCA883879199} = {3863DDB5-9CA6-4828-A176-9570FA6F92D1}
		{9E745891-AC85-498B-99A1-FBD34C5ED4D8} = {8F5510A9-6E49-40AC-BE51-81ACB1DFF73C}
		{0F3F68EA-55AF-46DB-B2AA-A5E7BA73F290} = {3863DDB5-9CA6-4828-A176-9570FA6F92D1}
	EndGlobalSection
	GlobalSection(ExtensibilityGlobals) = postSolution
		SolutionGuid = {AA83F192-8326-41B3-8D9F-8CF598EE4A6F}
	EndGlobalSection
EndGlobal
